
Microsoft Visual Studio Solution File, Format Version 12.00
# Visual Studio Version 17
VisualStudioVersion = 17.2.32526.322
MinimumVisualStudioVersion = 10.0.40219.1
Project("{FAE04EC0-301F-11D3-BF4B-00C04F79EFBC}") = "ViewsAndRazor", "ViewsAndRazor.csproj", "{1D5AA48A-5A3A-4FDE-B0D3-DF9AF63FEBC7}"
EndProject
Global
	GlobalSection(SolutionConfigurationPlatforms) = preSolution
		Debug|Any CPU = Debug|Any CPU
		Release|Any CPU = Release|Any CPU
	EndGlobalSection
	GlobalSection(ProjectConfigurationPlatforms) = postSolution
		{1D5AA48A-5A3A-4FDE-B0D3-DF9AF63FEBC7}.Debug|Any CPU.ActiveCfg = Debug|Any CPU
		{1D5AA48A-5A3A-4FDE-B0D3-DF9AF63FEBC7}.Debug|Any CPU.Build.0 = Debug|Any CPU
		{1D5AA48A-5A3A-4FDE-B0D3-DF9AF63FEBC7}.Release|Any CPU.ActiveCfg = Release|Any CPU
		{1D5AA48A-5A3A-4FDE-B0D3-DF9AF63FEBC7}.Release|Any CPU.Build.0 = Release|Any CPU
	EndGlobalSection
	GlobalSection(SolutionProperties) = preSolution
		HideSolutionNode = FALSE
	EndGlobalSection
	GlobalSection(ExtensibilityGlobals) = postSolution
		SolutionGuid = {45546F8D-C79C-439A-9E71-11290B7513DC}
	EndGlobalSection
EndGlobal
